<?xml version="1.0" encoding="utf-8"?>
<Project ToolsVersion="4.0" xmlns="http://schemas.microsoft.com/developer/msbuild/2003">
  <ItemGroup>
    <ClCompile Include="$(MSBuildThisFileDirectory)AgenPeeps.cpp" />
    <ClCompile Include="$(MSBuildThisFileDirectory)IRBuilderAsmJs.cpp" />
    <ClCompile Include="$(MSBuildThisFileDirectory)BackendOpCodeAttrAsmJs.cpp" />
    <ClCompile Include="$(MSBuildThisFileDirectory)BailOut.cpp" />
    <ClCompile Include="$(MSBuildThisFileDirectory)CaseNode.cpp" />
    <ClCompile Include="$(MSBuildThisFileDirectory)CodeGenWorkItem.cpp" />
    <ClCompile Include="$(MSBuildThisFileDirectory)CodeGenAllocators.cpp" />
    <ClCompile Include="$(MSBuildThisFileDirectory)CodeGenNumberAllocator.cpp" />
    <ClCompile Include="$(MSBuildThisFileDirectory)DbCheckPostLower.cpp" />
    <ClCompile Include="$(MSBuildThisFileDirectory)GlobOptBailOut.cpp" />
    <ClCompile Include="$(MSBuildThisFileDirectory)GlobOptExpr.cpp" />
    <ClCompile Include="$(MSBuildThisFileDirectory)GlobOptFields.cpp" />
    <ClCompile Include="$(MSBuildThisFileDirectory)GlobOptIntBounds.cpp" />
    <ClCompile Include="$(MSBuildThisFileDirectory)GlobOptArrays.cpp" />
    <ClCompile Include="$(MSBuildThisFileDirectory)Backend.cpp" />
    <ClCompile Include="$(MSBuildThisFileDirectory)BackwardPass.cpp" />
    <ClCompile Include="$(MSBuildThisFileDirectory)Debug.cpp" />
    <ClCompile Include="$(MSBuildThisFileDirectory)EmitBuffer.cpp" />
    <ClCompile Include="$(MSBuildThisFileDirectory)Encoder.cpp" />
    <ClCompile Include="$(MSBuildThisFileDirectory)FlowGraph.cpp" />
    <ClCompile Include="$(MSBuildThisFileDirectory)Func.cpp" />
    <ClCompile Include="$(MSBuildThisFileDirectory)GlobOpt.cpp" />
    <ClCompile Include="$(MSBuildThisFileDirectory)InductionVariable.cpp" />
    <ClCompile Include="$(MSBuildThisFileDirectory)InlineeFrameInfo.cpp" />
    <ClCompile Include="$(MSBuildThisFileDirectory)InliningHeuristics.cpp" />
    <ClCompile Include="$(MSBuildThisFileDirectory)InliningDecider.cpp" />
    <ClCompile Include="$(MSBuildThisFileDirectory)IntBounds.cpp" />
    <ClCompile Include="$(MSBuildThisFileDirectory)InterpreterThunkEmitter.cpp" />
    <ClCompile Include="$(MSBuildThisFileDirectory)IR.cpp" />
    <ClCompile Include="$(MSBuildThisFileDirectory)IRBuilder.cpp" />
    <ClCompile Include="$(MSBuildThisFileDirectory)IRViewer.cpp" />
    <ClCompile Include="$(MSBuildThisFileDirectory)IRType.cpp" />
    <ClCompile Include="$(MSBuildThisFileDirectory)JnHelperMethod.cpp" />
    <ClCompile Include="$(MSBuildThisFileDirectory)LinearScan.cpp" />
    <ClCompile Include="$(MSBuildThisFileDirectory)Lower.cpp" />
    <ClCompile Include="$(MSBuildThisFileDirectory)LowerMDShared.cpp" />
    <ClCompile Include="$(MSBuildThisFileDirectory)LowerMDSharedSimd128.cpp" />
    <ClCompile Include="$(MSBuildThisFileDirectory)NativeCodeData.cpp" />
    <ClCompile Include="$(MSBuildThisFileDirectory)NativeCodeGenerator.cpp" />
    <ClCompile Include="$(MSBuildThisFileDirectory)Opnd.cpp" />
    <ClCompile Include="$(MSBuildThisFileDirectory)PDataManager.cpp" />
    <ClCompile Include="$(MSBuildThisFileDirectory)Peeps.cpp" />
    <ClCompile Include="$(MSBuildThisFileDirectory)PreLowerPeeps.cpp" />
    <ClCompile Include="$(MSBuildThisFileDirectory)PrologEncoder.cpp" />
    <ClCompile Include="$(MSBuildThisFileDirectory)QueuedFullJitWorkItem.cpp" />
    <ClCompile Include="$(MSBuildThisFileDirectory)Region.cpp" />
    <ClCompile Include="$(MSBuildThisFileDirectory)SccLiveness.cpp" />
    <ClCompile Include="$(MSBuildThisFileDirectory)Security.cpp" />
    <ClCompile Include="$(MSBuildThisFileDirectory)SimpleJitProfilingHelpers.cpp" />
    <ClCompile Include="$(MSBuildThisFileDirectory)SimpleLayout.cpp" />
    <ClCompile Include="$(MSBuildThisFileDirectory)Sym.cpp" />
    <ClCompile Include="$(MSBuildThisFileDirectory)SymTable.cpp" />
    <ClCompile Include="$(MSBuildThisFileDirectory)TempTracker.cpp" />
    <ClCompile Include="$(MSBuildThisFileDirectory)ValueRelativeOffset.cpp" />
    <ClCompile Include="$(MSBuildThisFileDirectory)amd64\EncoderMD.cpp">
      <Filter>amd64</Filter>
    </ClCompile>
    <ClCompile Include="$(MSBuildThisFileDirectory)amd64\LinearScanMD.cpp">
      <Filter>amd64</Filter>
    </ClCompile>
    <ClCompile Include="$(MSBuildThisFileDirectory)amd64\PrologEncoderMD.cpp">
      <Filter>amd64</Filter>
    </ClCompile>
    <ClCompile Include="$(MSBuildThisFileDirectory)amd64\LowererMDArch.cpp">
      <Filter>amd64</Filter>
    </ClCompile>
    <ClCompile Include="$(MSBuildThisFileDirectory)amd64\PeepsMD.cpp">
      <Filter>amd64</Filter>
    </ClCompile>
    <ClCompile Include="$(MSBuildThisFileDirectory)Inline.cpp" />
    <ClCompile Include="$(MSBuildThisFileDirectory)SwitchIRBuilder.cpp" />
    <ClCompile Include="$(MSBuildThisFileDirectory)BackendApi.cpp" />
    <ClCompile Include="$(MSBuildThisFileDirectory)JITOutput.cpp" />
    <ClCompile Include="$(MSBuildThisFileDirectory)JITTimeFunctionBody.cpp" />
    <ClCompile Include="$(MSBuildThisFileDirectory)JITTimeProfileInfo.cpp" />
    <ClCompile Include="$(MSBuildThisFileDirectory)JITTimeWorkItem.cpp" />
    <ClCompile Include="$(MSBuildThisFileDirectory)AsmJsJITInfo.cpp" />
    <ClCompile Include="$(MSBuildThisFileDirectory)FunctionJITRuntimeInfo.cpp" />
    <ClCompile Include="$(MSBuildThisFileDirectory)FunctionJITTimeInfo.cpp" />
    <ClCompile Include="$(MSBuildThisFileDirectory)JITTimeConstructorCache.cpp" />
    <ClCompile Include="$(MSBuildThisFileDirectory)JITTimePolymorphicInlineCache.cpp" />
    <ClCompile Include="$(MSBuildThisFileDirectory)JITTimePolymorphicInlineCacheInfo.cpp" />
    <ClCompile Include="$(MSBuildThisFileDirectory)JITType.cpp" />
    <ClCompile Include="$(MSBuildThisFileDirectory)JITTypeHandler.cpp" />
    <ClCompile Include="$(MSBuildThisFileDirectory)ServerScriptContext.cpp" />
    <ClCompile Include="$(MSBuildThisFileDirectory)ServerThreadContext.cpp" />
    <ClCompile Include="$(MSBuildThisFileDirectory)FunctionCodeGenJitTimeData.cpp" />
    <ClCompile Include="$(MSBuildThisFileDirectory)FixedFieldInfo.cpp" />
    <ClCompile Include="$(MSBuildThisFileDirectory)ObjTypeSpecFldInfo.cpp" />
    <ClCompile Include="$(MSBuildThisFileDirectory)PageAllocatorPool.cpp" />
    <ClCompile Include="$(MSBuildThisFileDirectory)GlobOptBlockData.cpp" />
    <ClCompile Include="$(MSBuildThisFileDirectory)ValueInfo.cpp" />
    <ClCompile Include="$(MSBuildThisFileDirectory)JITThunkEmitter.cpp" />
    <ClCompile Include="$(MSBuildThisFileDirectory)IntConstMath.cpp" />
    <ClCompile Include="$(MSBuildThisFileDirectory)JavascriptNativeOperators.cpp" />
    <ClCompile Include="$(MSBuildThisFileDirectory)EquivalentTypeSet.cpp" />
    <ClCompile Include="$(MSBuildThisFileDirectory)IntConstMath.cpp" />
    <ClCompile Include="$(MSBuildThisFileDirectory)NativeEntryPointData.cpp" />
    <ClCompile Include="$(MSBuildThisFileDirectory)JitTransferData.cpp" />
  </ItemGroup>
  <ItemGroup>
    <ClInclude Include="AgenPeeps.h" />
    <ClInclude Include="IRBuilderAsmJs.h" />
    <ClInclude Include="BackendOpCodeAttrAsmJs.h" />
    <ClInclude Include="BackendOpCodeList.h" />
    <ClInclude Include="GlobOptIntBounds.h" />
    <ClInclude Include="Backend.h" />
    <ClInclude Include="BackwardPass.h" />
    <ClInclude Include="BailOut.h" />
    <ClInclude Include="BailOutKind.h" />
    <ClInclude Include="CaseNode.h" />
    <ClInclude Include="CodeGenAllocators.h" />
    <ClInclude Include="CodeGenNumberAllocator.h" />
    <ClInclude Include="CodeGenWorkItemType.h" />
    <ClInclude Include="CodeGenWorkItem.h" />
    <ClInclude Include="DbCheckPostLower.h" />
    <ClInclude Include="EmitBuffer.h" />
    <ClInclude Include="Encoder.h" />
    <ClInclude Include="FlowGraph.h" />
    <ClInclude Include="Func.h" />
    <ClInclude Include="GlobHashTable.h" />
    <ClInclude Include="GlobOpt.h" />
    <ClInclude Include="InductionVariable.h" />
    <ClInclude Include="Inline.h" />
    <ClInclude Include="InlineeFrameInfo.h" />
    <ClInclude Include="InliningHeuristics.h" />
    <ClInclude Include="InliningDecider.h" />
    <ClInclude Include="IntBounds.h" />
    <ClInclude Include="IntConstantBounds.h" />
    <ClInclude Include="InterpreterThunkEmitter.h" />
    <ClInclude Include="IntOverflowDoesNotMatterRange.h" />
    <ClInclude Include="IR.h" />
    <ClInclude Include="IRBuilder.h" />
    <ClInclude Include="IRViewer.h" />
    <ClInclude Include="IRType.h" />
    <ClInclude Include="IRTypeList.h" />
    <ClInclude Include="JnHelperMethod.h" />
    <ClInclude Include="JnHelperMethodList.h" />
    <ClInclude Include="Lifetime.h" />
    <ClInclude Include="LinearScan.h" />
    <ClInclude Include="LinearScanMDShared.h" />
    <ClInclude Include="LowerMDShared.h" />
    <ClInclude Include="NativeCodeData.h" />
    <ClInclude Include="PDataManager.h" />
    <ClInclude Include="PrologEncoder.h" />
    <ClInclude Include="Lower.h" />
    <ClInclude Include="NativeCodeGenerator.h" />
    <ClInclude Include="Opnd.h" />
    <ClInclude Include="Peeps.h" />
    <ClInclude Include="QueuedFullJitWorkItem.h" />
    <ClInclude Include="Region.h" />
    <ClInclude Include="SccLiveness.h" />
    <ClInclude Include="Security.h" />
    <ClInclude Include="SimpleJitProfilingHelpers.h" />
    <ClInclude Include="SimpleLayout.h" />
    <ClInclude Include="Sym.h" />
    <ClInclude Include="SymTable.h" />
    <ClInclude Include="TempTracker.h" />
    <ClInclude Include="ValueRelativeOffset.h" />
    <ClInclude Include="amd64\EncoderMD.h">
      <Filter>amd64</Filter>
    </ClInclude>
    <ClInclude Include="amd64\MdOpCodes.h">
      <Filter>amd64</Filter>
    </ClInclude>
    <ClInclude Include="amd64\X64Encode.h">
      <Filter>amd64</Filter>
    </ClInclude>
    <ClInclude Include="amd64\PrologEncoderMD.h">
      <Filter>amd64</Filter>
    </ClInclude>
    <ClInclude Include="amd64\LinearScanMD.h">
      <Filter>amd64</Filter>
    </ClInclude>
    <ClInclude Include="amd64\LowererMDArch.h">
      <Filter>amd64</Filter>
    </ClInclude>
    <ClInclude Include="amd64\md.h">
      <Filter>amd64</Filter>
    </ClInclude>
    <ClInclude Include="amd64\RegList.h">
      <Filter>amd64</Filter>
    </ClInclude>
    <ClInclude Include="amd64\PeepsMD.h">
      <Filter>amd64</Filter>
    </ClInclude>
    <ClInclude Include="amd64\Reg.h">
      <Filter>amd64</Filter>
    </ClInclude>
    <ClInclude Include="IRBaseTypeList.h" />
    <ClInclude Include="SwitchIRBuilder.h" />
    <ClInclude Include="JITTimeWorkItem.h" />
    <ClInclude Include="JITTimeFunctionBody.h" />
    <ClInclude Include="JITOutput.h" />
    <ClInclude Include="JITTimeProfileInfo.h" />
    <ClInclude Include="AsmJsJITInfo.h" />
    <ClInclude Include="FunctionJITTimeInfo.h" />
    <ClInclude Include="FunctionJITRuntimeInfo.h" />
    <ClInclude Include="JITTimeConstructorCache.h" />
    <ClInclude Include="JITType.h" />
    <ClInclude Include="JITTypeHandler.h" />
    <ClInclude Include="JITTimePolymorphicInlineCacheInfo.h" />
    <ClInclude Include="JITTimePolymorphicInlineCache.h" />
    <ClInclude Include="ServerThreadContext.h" />
    <ClInclude Include="ServerScriptContext.h" />
    <ClInclude Include="ExternalLowerer.h" />
    <ClInclude Include="JITRecyclableObject.h" />
    <ClInclude Include="FunctionCodeGenJitTimeData.h" />
    <ClInclude Include="FixedFieldInfo.h" />
    <ClInclude Include="ObjTypeSpecFldInfo.h" />
    <ClInclude Include="PageAllocatorPool.h" />
    <ClInclude Include="GlobOptBlockData.h" />
    <ClInclude Include="ValueInfo.h" />
    <ClInclude Include="JITThunkEmitter.h" />
    <ClInclude Include="IntConstMath.h" />
    <ClInclude Include="JavascriptNativeOperators.h" />
    <ClInclude Include="EquivalentTypeSet.h" />
    <ClInclude Include="IntConstMath.h" />
    <ClInclude Include="GlobOptArrays.h" />
    <ClInclude Include="JitTransferData.h" />
    <ClInclude Include="NativeEntryPointData.h" />
  </ItemGroup>
  <ItemGroup>
    <MASM Include="$(MSBuildThisFileDirectory)amd64\LinearScanMdA.asm">
      <Filter>amd64</Filter>
    </MASM>
    <MASM Include="$(MSBuildThisFileDirectory)amd64\Thunks.asm">
      <Filter>amd64</Filter>
    </MASM>
  </ItemGroup>
  <ItemGroup>
    <None Include="IR.inl" />
    <None Include="Opnd.inl" />
    <None Include="Sym.inl" />
  </ItemGroup>
  <ItemGroup>
    <Filter Include="amd64">
      <UniqueIdentifier>{3844196d-292e-423d-b261-cdb6b14c2134}</UniqueIdentifier>
    </Filter>
  </ItemGroup>
</Project>